
Microsoft Visual Studio Solution File, Format Version 12.00
# Visual Studio Version 17
VisualStudioVersion = 17.14.36915.13 d17.14
MinimumVisualStudioVersion = 10.0.40219.1
Project("{FAE04EC0-301F-11D3-BF4B-00C04F79EFBC}") = "Biblioteca", "Biblioteca.csproj", "{A5BC63FA-C639-4288-8833-40F840915522}"
EndProject
Global
	GlobalSection(SolutionConfigurationPlatforms) = preSolution
		Debug|Any CPU = Debug|Any CPU
		Release|Any CPU = Release|Any CPU
	EndGlobalSection
	GlobalSection(ProjectConfigurationPlatforms) = postSolution
		{A5BC63FA-C639-4288-8833-40F840915522}.Debug|Any CPU.ActiveCfg = Debug|Any CPU
		{A5BC63FA-C639-4288-8833-40F840915522}.Debug|Any CPU.Build.0 = Debug|Any CPU
		{A5BC63FA-C639-4288-8833-40F840915522}.Release|Any CPU.ActiveCfg = Release|Any CPU
		{A5BC63FA-C639-4288-8833-40F840915522}.Release|Any CPU.Build.0 = Release|Any CPU
	EndGlobalSection
	GlobalSection(SolutionProperties) = preSolution
		HideSolutionNode = FALSE
	EndGlobalSection
	GlobalSection(ExtensibilityGlobals) = postSolution
		SolutionGuid = {1570BCE5-531E-45B8-9DAD-8174C1EEC2AF}
	EndGlobalSection
EndGlobal
